
Microsoft Visual Studio Solution File, Format Version 12.00
# Visual Studio 14
VisualStudioVersion = 14.0.25420.1
MinimumVisualStudioVersion = 10.0.40219.1
Project("{2150E333-8FDC-42A3-9474-1A3956D46DE8}") = "Sample", "Sample", "{8E1BD87C-BCAE-43A9-922D-6B59F5EDC394}"
EndProject
Project("{2150E333-8FDC-42A3-9474-1A3956D46DE8}") = "Src", "Src", "{88C7A4F6-A583-4C6C-82D2-21BF17CBCDAE}"
EndProject
Project("{2150E333-8FDC-42A3-9474-1A3956D46DE8}") = "Project", "Project", "{545AB9E7-F0E0-44C7-9945-9611EBBFC5DF}"
EndProject
Project("{2150E333-8FDC-42A3-9474-1A3956D46DE8}") = "Tests", "Tests", "{EC485971-4FC5-4191-B8E9-729D12D9B4D9}"
EndProject
Project("{2150E333-8FDC-42A3-9474-1A3956D46DE8}") = "0-Presentation", "0-Presentation", "{0AB54548-6122-4112-AF2C-321F868B489D}"
EndProject
Project("{2150E333-8FDC-42A3-9474-1A3956D46DE8}") = "1-Services", "1-Services", "{DFC12432-B1DA-411E-9A32-84B415F0A6EE}"
EndProject
Project("{2150E333-8FDC-42A3-9474-1A3956D46DE8}") = "2-Application", "2-Application", "{C2FEA0BC-7840-4AF8-9CD8-30F784C7BDD8}"
EndProject
Project("{2150E333-8FDC-42A3-9474-1A3956D46DE8}") = "3-Domain", "3-Domain", "{493E7EB8-0B45-4355-8AAF-24027CBBD0C3}"
EndProject
Project("{2150E333-8FDC-42A3-9474-1A3956D46DE8}") = "4-Infra", "4-Infra", "{5BF5F560-E0B4-427D-B2F7-B1B51696215E}"
EndProject
Project("{2150E333-8FDC-42A3-9474-1A3956D46DE8}") = "4.1-Data", "4.1-Data", "{ED849185-F22B-4E7A-83C0-029A53D0A793}"
EndProject
Project("{2150E333-8FDC-42A3-9474-1A3956D46DE8}") = "4.2-CrossCutting", "4.2-CrossCutting", "{98BF3BEA-379A-4122-A074-BD58D69E9202}"
EndProject
Project("{2150E333-8FDC-42A3-9474-1A3956D46DE8}") = "0-Presentation", "0-Presentation", "{379FB3C1-FF95-48D2-AA78-EA6F31935C6C}"
EndProject
Project("{2150E333-8FDC-42A3-9474-1A3956D46DE8}") = "1-Services", "1-Services", "{D485EC5D-1288-4B9D-BFD0-39DE8F5938AA}"
EndProject
Project("{2150E333-8FDC-42A3-9474-1A3956D46DE8}") = "2-Application", "2-Application", "{7A079AB6-25C5-4411-82BA-DB9487624E45}"
EndProject
Project("{2150E333-8FDC-42A3-9474-1A3956D46DE8}") = "3-Domain", "3-Domain", "{C8617C1B-1285-4E7B-988B-835B599E962C}"
EndProject
Project("{2150E333-8FDC-42A3-9474-1A3956D46DE8}") = "4-Infra", "4-Infra", "{9BC7C110-A0C1-4309-9742-1E61EF0E0452}"
EndProject
Project("{2150E333-8FDC-42A3-9474-1A3956D46DE8}") = "4.1-Data", "4.1-Data", "{4E5BACBF-1CE6-4FF9-9549-908110454C99}"
EndProject
Project("{2150E333-8FDC-42A3-9474-1A3956D46DE8}") = "4.2-CrossCutting", "4.2-CrossCutting", "{7AC3A0C1-83A8-4E84-ABDB-A8538B10D5A5}"
EndProject
Project("{FAE04EC0-301F-11D3-BF4B-00C04F79EFBC}") = "ReinforcingApp.Domain.Tests", "ReinforcingApp.Domain.Tests\ReinforcingApp.Domain.Tests.csproj", "{68E1C859-4A6D-4993-A06E-26504C2B07CC}"
EndProject
Project("{FAE04EC0-301F-11D3-BF4B-00C04F79EFBC}") = "ReinforcingApp.Domain", "ReinforcingApp.Domain\ReinforcingApp.Domain.csproj", "{74E1E6EB-8703-42AF-8540-7145D77C1416}"
EndProject
Global
	GlobalSection(SolutionConfigurationPlatforms) = preSolution
		Debug|Any CPU = Debug|Any CPU
		Release|Any CPU = Release|Any CPU
	EndGlobalSection
	GlobalSection(ProjectConfigurationPlatforms) = postSolution
		{68E1C859-4A6D-4993-A06E-26504C2B07CC}.Debug|Any CPU.ActiveCfg = Debug|Any CPU
		{68E1C859-4A6D-4993-A06E-26504C2B07CC}.Debug|Any CPU.Build.0 = Debug|Any CPU
		{68E1C859-4A6D-4993-A06E-26504C2B07CC}.Release|Any CPU.ActiveCfg = Release|Any CPU
		{68E1C859-4A6D-4993-A06E-26504C2B07CC}.Release|Any CPU.Build.0 = Release|Any CPU
		{74E1E6EB-8703-42AF-8540-7145D77C1416}.Debug|Any CPU.ActiveCfg = Debug|Any CPU
		{74E1E6EB-8703-42AF-8540-7145D77C1416}.Debug|Any CPU.Build.0 = Debug|Any CPU
		{74E1E6EB-8703-42AF-8540-7145D77C1416}.Release|Any CPU.ActiveCfg = Release|Any CPU
		{74E1E6EB-8703-42AF-8540-7145D77C1416}.Release|Any CPU.Build.0 = Release|Any CPU
	EndGlobalSection
	GlobalSection(SolutionProperties) = preSolution
		HideSolutionNode = FALSE
	EndGlobalSection
	GlobalSection(NestedProjects) = preSolution
		{545AB9E7-F0E0-44C7-9945-9611EBBFC5DF} = {88C7A4F6-A583-4C6C-82D2-21BF17CBCDAE}
		{EC485971-4FC5-4191-B8E9-729D12D9B4D9} = {88C7A4F6-A583-4C6C-82D2-21BF17CBCDAE}
		{0AB54548-6122-4112-AF2C-321F868B489D} = {545AB9E7-F0E0-44C7-9945-9611EBBFC5DF}
		{DFC12432-B1DA-411E-9A32-84B415F0A6EE} = {545AB9E7-F0E0-44C7-9945-9611EBBFC5DF}
		{C2FEA0BC-7840-4AF8-9CD8-30F784C7BDD8} = {545AB9E7-F0E0-44C7-9945-9611EBBFC5DF}
		{493E7EB8-0B45-4355-8AAF-24027CBBD0C3} = {545AB9E7-F0E0-44C7-9945-9611EBBFC5DF}
		{5BF5F560-E0B4-427D-B2F7-B1B51696215E} = {545AB9E7-F0E0-44C7-9945-9611EBBFC5DF}
		{ED849185-F22B-4E7A-83C0-029A53D0A793} = {5BF5F560-E0B4-427D-B2F7-B1B51696215E}
		{98BF3BEA-379A-4122-A074-BD58D69E9202} = {5BF5F560-E0B4-427D-B2F7-B1B51696215E}
		{379FB3C1-FF95-48D2-AA78-EA6F31935C6C} = {EC485971-4FC5-4191-B8E9-729D12D9B4D9}
		{D485EC5D-1288-4B9D-BFD0-39DE8F5938AA} = {EC485971-4FC5-4191-B8E9-729D12D9B4D9}
		{7A079AB6-25C5-4411-82BA-DB9487624E45} = {EC485971-4FC5-4191-B8E9-729D12D9B4D9}
		{C8617C1B-1285-4E7B-988B-835B599E962C} = {EC485971-4FC5-4191-B8E9-729D12D9B4D9}
		{9BC7C110-A0C1-4309-9742-1E61EF0E0452} = {EC485971-4FC5-4191-B8E9-729D12D9B4D9}
		{4E5BACBF-1CE6-4FF9-9549-908110454C99} = {9BC7C110-A0C1-4309-9742-1E61EF0E0452}
		{7AC3A0C1-83A8-4E84-ABDB-A8538B10D5A5} = {9BC7C110-A0C1-4309-9742-1E61EF0E0452}
		{68E1C859-4A6D-4993-A06E-26504C2B07CC} = {C8617C1B-1285-4E7B-988B-835B599E962C}
		{74E1E6EB-8703-42AF-8540-7145D77C1416} = {493E7EB8-0B45-4355-8AAF-24027CBBD0C3}
	EndGlobalSection
EndGlobal
